
Microsoft Visual Studio Solution File, Format Version 12.00
Project("{FAE04EC0-301F-11D3-BF4B-00C04F79EFBC}") = "design-principles", "design-principles\design-principles.csproj", "{C04D0D14-C1FA-4CA2-B744-D08EA797F937}"
EndProject
Global
	GlobalSection(SolutionConfigurationPlatforms) = preSolution
		Debug|Any CPU = Debug|Any CPU
		Release|Any CPU = Release|Any CPU
	EndGlobalSection
	GlobalSection(ProjectConfigurationPlatforms) = postSolution
		{C04D0D14-C1FA-4CA2-B744-D08EA797F937}.Debug|Any CPU.ActiveCfg = Debug|Any CPU
		{C04D0D14-C1FA-4CA2-B744-D08EA797F937}.Debug|Any CPU.Build.0 = Debug|Any CPU
		{C04D0D14-C1FA-4CA2-B744-D08EA797F937}.Release|Any CPU.ActiveCfg = Release|Any CPU
		{C04D0D14-C1FA-4CA2-B744-D08EA797F937}.Release|Any CPU.Build.0 = Release|Any CPU
	EndGlobalSection
	GlobalSection(NestedProjects) = preSolution
	EndGlobalSection
EndGlobal
